// !$*UTF8*$!
{
	archiveVersion = 1;
	classes = {
	};
	objectVersion = 46;
	objects = {

/* Begin PBXBuildFile section */
		34D454721B0F94AF003DC36C /* main.m in Sources */ = {isa = PBXBuildFile; fileRef = 34D454711B0F94AF003DC36C /* main.m */; };
		34D454751B0F94AF003DC36C /* AppDelegate.m in Sources */ = {isa = PBXBuildFile; fileRef = 34D454741B0F94AF003DC36C /* AppDelegate.m */; };
		34D454781B0F94AF003DC36C /* MovieListViewController.m in Sources */ = {isa = PBXBuildFile; fileRef = 34D454771B0F94AF003DC36C /* MovieListViewController.m */; };
		34D4547B1B0F94AF003DC36C /* Main.storyboard in Resources */ = {isa = PBXBuildFile; fileRef = 34D454791B0F94AF003DC36C /* Main.storyboard */; };
		34D4547D1B0F94AF003DC36C /* Images.xcassets in Resources */ = {isa = PBXBuildFile; fileRef = 34D4547C1B0F94AF003DC36C /* Images.xcassets */; };
		34D454801B0F94AF003DC36C /* LaunchScreen.xib in Resources */ = {isa = PBXBuildFile; fileRef = 34D4547E1B0F94AF003DC36C /* LaunchScreen.xib */; };
		34D4548C1B0F94AF003DC36C /* MovieSearch2Tests.m in Sources */ = {isa = PBXBuildFile; fileRef = 34D4548B1B0F94AF003DC36C /* MovieSearch2Tests.m */; };
		34D454971B0F95E6003DC36C /* MovieDetailViewController.m in Sources */ = {isa = PBXBuildFile; fileRef = 34D454961B0F95E6003DC36C /* MovieDetailViewController.m */; };
		34D4549A1B0F9622003DC36C /* MovieController.m in Sources */ = {isa = PBXBuildFile; fileRef = 34D454991B0F9622003DC36C /* MovieController.m */; };
		34D4549D1B0F9639003DC36C /* Movie.m in Sources */ = {isa = PBXBuildFile; fileRef = 34D4549C1B0F9639003DC36C /* Movie.m */; };
/* End PBXBuildFile section */

/* Begin PBXContainerItemProxy section */
		34D454861B0F94AF003DC36C /* PBXContainerItemProxy */ = {
			isa = PBXContainerItemProxy;
			containerPortal = 34D454641B0F94AF003DC36C /* Project object */;
			proxyType = 1;
			remoteGlobalIDString = 34D4546B1B0F94AF003DC36C;
			remoteInfo = MovieSearch2;
		};
/* End PBXContainerItemProxy section */

/* Begin PBXFileReference section */
		34D4546C1B0F94AF003DC36C /* MovieSearch2.app */ = {isa = PBXFileReference; explicitFileType = wrapper.application; includeInIndex = 0; path = MovieSearch2.app; sourceTree = BUILT_PRODUCTS_DIR; };
		34D454701B0F94AF003DC36C /* Info.plist */ = {isa = PBXFileReference; lastKnownFileType = text.plist.xml; path = Info.plist; sourceTree = "<group>"; };
		34D454711B0F94AF003DC36C /* main.m */ = {isa = PBXFileReference; lastKnownFileType = sourcecode.c.objc; path = main.m; sourceTree = "<group>"; };
		34D454731B0F94AF003DC36C /* AppDelegate.h */ = {isa = PBXFileReference; lastKnownFileType = sourcecode.c.h; path = AppDelegate.h; sourceTree = "<group>"; };
		34D454741B0F94AF003DC36C /* AppDelegate.m */ = {isa = PBXFileReference; lastKnownFileType = sourcecode.c.objc; path = AppDelegate.m; sourceTree = "<group>"; };
		34D454761B0F94AF003DC36C /* MovieListViewController.h */ = {isa = PBXFileReference; lastKnownFileType = sourcecode.c.h; path = MovieListViewController.h; sourceTree = "<group>"; };
		34D454771B0F94AF003DC36C /* MovieListViewController.m */ = {isa = PBXFileReference; lastKnownFileType = sourcecode.c.objc; path = MovieListViewController.m; sourceTree = "<group>"; };
		34D4547A1B0F94AF003DC36C /* Base */ = {isa = PBXFileReference; lastKnownFileType = file.storyboard; name = Base; path = Base.lproj/Main.storyboard; sourceTree = "<group>"; };
		34D4547C1B0F94AF003DC36C /* Images.xcassets */ = {isa = PBXFileReference; lastKnownFileType = folder.assetcatalog; path = Images.xcassets; sourceTree = "<group>"; };
		34D4547F1B0F94AF003DC36C /* Base */ = {isa = PBXFileReference; lastKnownFileType = file.xib; name = Base; path = Base.lproj/LaunchScreen.xib; sourceTree = "<group>"; };
		34D454851B0F94AF003DC36C /* MovieSearch2Tests.xctest */ = {isa = PBXFileReference; explicitFileType = wrapper.cfbundle; includeInIndex = 0; path = MovieSearch2Tests.xctest; sourceTree = BUILT_PRODUCTS_DIR; };
		34D4548A1B0F94AF003DC36C /* Info.plist */ = {isa = PBXFileReference; lastKnownFileType = text.plist.xml; path = Info.plist; sourceTree = "<group>"; };
		34D4548B1B0F94AF003DC36C /* MovieSearch2Tests.m */ = {isa = PBXFileReference; lastKnownFileType = sourcecode.c.objc; path = MovieSearch2Tests.m; sourceTree = "<group>"; };
		34D454951B0F95E6003DC36C /* MovieDetailViewController.h */ = {isa = PBXFileReference; fileEncoding = 4; lastKnownFileType = sourcecode.c.h; path = MovieDetailViewController.h; sourceTree = "<group>"; };
		34D454961B0F95E6003DC36C /* MovieDetailViewController.m */ = {isa = PBXFileReference; fileEncoding = 4; lastKnownFileType = sourcecode.c.objc; path = MovieDetailViewController.m; sourceTree = "<group>"; };
		34D454981B0F9622003DC36C /* MovieController.h */ = {isa = PBXFileReference; fileEncoding = 4; lastKnownFileType = sourcecode.c.h; path = MovieController.h; sourceTree = "<group>"; };
		34D454991B0F9622003DC36C /* MovieController.m */ = {isa = PBXFileReference; fileEncoding = 4; lastKnownFileType = sourcecode.c.objc; path = MovieController.m; sourceTree = "<group>"; };
		34D4549B1B0F9639003DC36C /* Movie.h */ = {isa = PBXFileReference; fileEncoding = 4; lastKnownFileType = sourcecode.c.h; path = Movie.h; sourceTree = "<group>"; };
		34D4549C1B0F9639003DC36C /* Movie.m */ = {isa = PBXFileReference; fileEncoding = 4; lastKnownFileType = sourcecode.c.objc; path = Movie.m; sourceTree = "<group>"; };
/* End PBXFileReference section */

/* Begin PBXFrameworksBuildPhase section */
		34D454691B0F94AF003DC36C /* Frameworks */ = {
			isa = PBXFrameworksBuildPhase;
			buildActionMask = 2147483647;
			files = (
			);
			runOnlyForDeploymentPostprocessing = 0;
		};
		34D454821B0F94AF003DC36C /* Frameworks */ = {
			isa = PBXFrameworksBuildPhase;
			buildActionMask = 2147483647;
			files = (
			);
			runOnlyForDeploymentPostprocessing = 0;
		};
/* End PBXFrameworksBuildPhase section */

/* Begin PBXGroup section */
		34D454631B0F94AF003DC36C = {
			isa = PBXGroup;
			children = (
				34D4546E1B0F94AF003DC36C /* MovieSearch2 */,
				34D454881B0F94AF003DC36C /* MovieSearch2Tests */,
				34D4546D1B0F94AF003DC36C /* Products */,
			);
			sourceTree = "<group>";
		};
		34D4546D1B0F94AF003DC36C /* Products */ = {
			isa = PBXGroup;
			children = (
				34D4546C1B0F94AF003DC36C /* MovieSearch2.app */,
				34D454851B0F94AF003DC36C /* MovieSearch2Tests.xctest */,
			);
			name = Products;
			sourceTree = "<group>";
		};
		34D4546E1B0F94AF003DC36C /* MovieSearch2 */ = {
			isa = PBXGroup;
			children = (
				34D454731B0F94AF003DC36C /* AppDelegate.h */,
				34D454741B0F94AF003DC36C /* AppDelegate.m */,
				34D454761B0F94AF003DC36C /* MovieListViewController.h */,
				34D454771B0F94AF003DC36C /* MovieListViewController.m */,
				34D454981B0F9622003DC36C /* MovieController.h */,
				34D454991B0F9622003DC36C /* MovieController.m */,
				34D4549B1B0F9639003DC36C /* Movie.h */,
				34D4549C1B0F9639003DC36C /* Movie.m */,
				34D454951B0F95E6003DC36C /* MovieDetailViewController.h */,
				34D454961B0F95E6003DC36C /* MovieDetailViewController.m */,
				34D454791B0F94AF003DC36C /* Main.storyboard */,
				34D4547C1B0F94AF003DC36C /* Images.xcassets */,
				34D4547E1B0F94AF003DC36C /* LaunchScreen.xib */,
				34D4546F1B0F94AF003DC36C /* Supporting Files */,
			);
			path = MovieSearch2;
			sourceTree = "<group>";
		};
		34D4546F1B0F94AF003DC36C /* Supporting Files */ = {
			isa = PBXGroup;
			children = (
				34D454701B0F94AF003DC36C /* Info.plist */,
				34D454711B0F94AF003DC36C /* main.m */,
			);
			name = "Supporting Files";
			sourceTree = "<group>";
		};
		34D454881B0F94AF003DC36C /* MovieSearch2Tests */ = {
			isa = PBXGroup;
			children = (
				34D4548B1B0F94AF003DC36C /* MovieSearch2Tests.m */,
				34D454891B0F94AF003DC36C /* Supporting Files */,
			);
			path = MovieSearch2Tests;
			sourceTree = "<group>";
		};
		34D454891B0F94AF003DC36C /* Supporting Files */ = {
			isa = PBXGroup;
			children = (
				34D4548A1B0F94AF003DC36C /* Info.plist */,
			);
			name = "Supporting Files";
			sourceTree = "<group>";
		};
/* End PBXGroup section */

/* Begin PBXNativeTarget section */
		34D4546B1B0F94AF003DC36C /* MovieSearch2 */ = {
			isa = PBXNativeTarget;
			buildConfigurationList = 34D4548F1B0F94AF003DC36C /* Build configuration list for PBXNativeTarget "MovieSearch2" */;
			buildPhases = (
				34D454681B0F94AF003DC36C /* Sources */,
				34D454691B0F94AF003DC36C /* Frameworks */,
				34D4546A1B0F94AF003DC36C /* Resources */,
			);
			buildRules = (
			);
			dependencies = (
			);
			name = MovieSearch2;
			productName = MovieSearch2;
			productReference = 34D4546C1B0F94AF003DC36C /* MovieSearch2.app */;
			productType = "com.apple.product-type.application";
		};
		34D454841B0F94AF003DC36C /* MovieSearch2Tests */ = {
			isa = PBXNativeTarget;
			buildConfigurationList = 34D454921B0F94AF003DC36C /* Build configuration list for PBXNativeTarget "MovieSearch2Tests" */;
			buildPhases = (
				34D454811B0F94AF003DC36C /* Sources */,
				34D454821B0F94AF003DC36C /* Frameworks */,
				34D454831B0F94AF003DC36C /* Resources */,
			);
			buildRules = (
			);
			dependencies = (
				34D454871B0F94AF003DC36C /* PBXTargetDependency */,
			);
			name = MovieSearch2Tests;
			productName = MovieSearch2Tests;
			productReference = 34D454851B0F94AF003DC36C /* MovieSearch2Tests.xctest */;
			productType = "com.apple.product-type.bundle.unit-test";
		};
/* End PBXNativeTarget section */

/* Begin PBXProject section */
		34D454641B0F94AF003DC36C /* Project object */ = {
			isa = PBXProject;
			attributes = {
				LastUpgradeCheck = 0620;
				ORGANIZATIONNAME = "Mott Applications";
				TargetAttributes = {
					34D4546B1B0F94AF003DC36C = {
						CreatedOnToolsVersion = 6.2;
					};
					34D454841B0F94AF003DC36C = {
						CreatedOnToolsVersion = 6.2;
						TestTargetID = 34D4546B1B0F94AF003DC36C;
					};
				};
			};
			buildConfigurationList = 34D454671B0F94AF003DC36C /* Build configuration list for PBXProject "MovieSearch2" */;
			compatibilityVersion = "Xcode 3.2";
			developmentRegion = English;
			hasScannedForEncodings = 0;
			knownRegions = (
				en,
				Base,
			);
			mainGroup = 34D454631B0F94AF003DC36C;
			productRefGroup = 34D4546D1B0F94AF003DC36C /* Products */;
			projectDirPath = "";
			projectRoot = "";
			targets = (
				34D4546B1B0F94AF003DC36C /* MovieSearch2 */,
				34D454841B0F94AF003DC36C /* MovieSearch2Tests */,
			);
		};
/* End PBXProject section */

/* Begin PBXResourcesBuildPhase section */
		34D4546A1B0F94AF003DC36C /* Resources */ = {
			isa = PBXResourcesBuildPhase;
			buildActionMask = 2147483647;
			files = (
				34D4547B1B0F94AF003DC36C /* Main.storyboard in Resources */,
				34D454801B0F94AF003DC36C /* LaunchScreen.xib in Resources */,
				34D4547D1B0F94AF003DC36C /* Images.xcassets in Resources */,
			);
			runOnlyForDeploymentPostprocessing = 0;
		};
		34D454831B0F94AF003DC36C /* Resources */ = {
			isa = PBXResourcesBuildPhase;
			buildActionMask = 2147483647;
			files = (
			);
			runOnlyForDeploymentPostprocessing = 0;
		};
/* End PBXResourcesBuildPhase section */

/* Begin PBXSourcesBuildPhase section */
		34D454681B0F94AF003DC36C /* Sources */ = {
			isa = PBXSourcesBuildPhase;
			buildActionMask = 2147483647;
			files = (
				34D4549D1B0F9639003DC36C /* Movie.m in Sources */,
				34D4549A1B0F9622003DC36C /* MovieController.m in Sources */,
				34D454971B0F95E6003DC36C /* MovieDetailViewController.m in Sources */,
				34D454781B0F94AF003DC36C /* MovieListViewController.m in Sources */,
				34D454751B0F94AF003DC36C /* AppDelegate.m in Sources */,
				34D454721B0F94AF003DC36C /* main.m in Sources */,
			);
			runOnlyForDeploymentPostprocessing = 0;
		};
		34D454811B0F94AF003DC36C /* Sources */ = {
			isa = PBXSourcesBuildPhase;
			buildActionMask = 2147483647;
			files = (
				34D4548C1B0F94AF003DC36C /* MovieSearch2Tests.m in Sources */,
			);
			runOnlyForDeploymentPostprocessing = 0;
		};
/* End PBXSourcesBuildPhase section */

/* Begin PBXTargetDependency section */
		34D454871B0F94AF003DC36C /* PBXTargetDependency */ = {
			isa = PBXTargetDependency;
			target = 34D4546B1B0F94AF003DC36C /* MovieSearch2 */;
			targetProxy = 34D454861B0F94AF003DC36C /* PBXContainerItemProxy */;
		};
/* End PBXTargetDependency section */

/* Begin PBXVariantGroup section */
		34D454791B0F94AF003DC36C /* Main.storyboard */ = {
			isa = PBXVariantGroup;
			children = (
				34D4547A1B0F94AF003DC36C /* Base */,
			);
			name = Main.storyboard;
			sourceTree = "<group>";
		};
		34D4547E1B0F94AF003DC36C /* LaunchScreen.xib */ = {
			isa = PBXVariantGroup;
			children = (
				34D4547F1B0F94AF003DC36C /* Base */,
			);
			name = LaunchScreen.xib;
			sourceTree = "<group>";
		};
/* End PBXVariantGroup section */

/* Begin XCBuildConfiguration section */
		34D4548D1B0F94AF003DC36C /* Debug */ = {
			isa = XCBuildConfiguration;
			buildSettings = {
				ALWAYS_SEARCH_USER_PATHS = NO;
				CLANG_CXX_LANGUAGE_STANDARD = "gnu++0x";
				CLANG_CXX_LIBRARY = "libc++";
				CLANG_ENABLE_MODULES = YES;
				CLANG_ENABLE_OBJC_ARC = YES;
				CLANG_WARN_BOOL_CONVERSION = YES;
				CLANG_WARN_CONSTANT_CONVERSION = YES;
				CLANG_WARN_DIRECT_OBJC_ISA_USAGE = YES_ERROR;
				CLANG_WARN_EMPTY_BODY = YES;
				CLANG_WARN_ENUM_CONVERSION = YES;
				CLANG_WARN_INT_CONVERSION = YES;
				CLANG_WARN_OBJC_ROOT_CLASS = YES_ERROR;
				CLANG_WARN_UNREACHABLE_CODE = YES;
				CLANG_WARN__DUPLICATE_METHOD_MATCH = YES;
				"CODE_SIGN_IDENTITY[sdk=iphoneos*]" = "iPhone Developer";
				COPY_PHASE_STRIP = NO;
				ENABLE_STRICT_OBJC_MSGSEND = YES;
				GCC_C_LANGUAGE_STANDARD = gnu99;
				GCC_DYNAMIC_NO_PIC = NO;
				GCC_OPTIMIZATION_LEVEL = 0;
				GCC_PREPROCESSOR_DEFINITIONS = (
					"DEBUG=1",
					"$(inherited)",
				);
				GCC_SYMBOLS_PRIVATE_EXTERN = NO;
				GCC_WARN_64_TO_32_BIT_CONVERSION = YES;
				GCC_WARN_ABOUT_RETURN_TYPE = YES_ERROR;
				GCC_WARN_UNDECLARED_SELECTOR = YES;
				GCC_WARN_UNINITIALIZED_AUTOS = YES_AGGRESSIVE;
				GCC_WARN_UNUSED_FUNCTION = YES;
				GCC_WARN_UNUSED_VARIABLE = YES;
				IPHONEOS_DEPLOYMENT_TARGET = 8.2;
				MTL_ENABLE_DEBUG_INFO = YES;
				ONLY_ACTIVE_ARCH = YES;
				SDKROOT = iphoneos;
			};
			name = Debug;
		};
		34D4548E1B0F94AF003DC36C /* Release */ = {
			isa = XCBuildConfiguration;
			buildSettings = {
				ALWAYS_SEARCH_USER_PATHS = NO;
				CLANG_CXX_LANGUAGE_STANDARD = "gnu++0x";
				CLANG_CXX_LIBRARY = "libc++";
				CLANG_ENABLE_MODULES = YES;
				CLANG_ENABLE_OBJC_ARC = YES;
				CLANG_WARN_BOOL_CONVERSION = YES;
				CLANG_WARN_CONSTANT_CONVERSION = YES;
				CLANG_WARN_DIRECT_OBJC_ISA_USAGE = YES_ERROR;
				CLANG_WARN_EMPTY_BODY = YES;
				CLANG_WARN_ENUM_CONVERSION = YES;
				CLANG_WARN_INT_CONVERSION = YES;
				CLANG_WARN_OBJC_ROOT_CLASS = YES_ERROR;
				CLANG_WARN_UNREACHABLE_CODE = YES;
				CLANG_WARN__DUPLICATE_METHOD_MATCH = YES;
				"CODE_SIGN_IDENTITY[sdk=iphoneos*]" = "iPhone Developer";
				COPY_PHASE_STRIP = NO;
				ENABLE_NS_ASSERTIONS = NO;
				ENABLE_STRICT_OBJC_MSGSEND = YES;
				GCC_C_LANGUAGE_STANDARD = gnu99;
				GCC_WARN_64_TO_32_BIT_CONVERSION = YES;
				GCC_WARN_ABOUT_RETURN_TYPE = YES_ERROR;
				GCC_WARN_UNDECLARED_SELECTOR = YES;
				GCC_WARN_UNINITIALIZED_AUTOS = YES_AGGRESSIVE;
				GCC_WARN_UNUSED_FUNCTION = YES;
				GCC_WARN_UNUSED_VARIABLE = YES;
				IPHONEOS_DEPLOYMENT_TARGET = 8.2;
				MTL_ENABLE_DEBUG_INFO = NO;
				SDKROOT = iphoneos;
				VALIDATE_PRODUCT = YES;
			};
			name = Release;
		};
		34D454901B0F94AF003DC36C /* Debug */ = {
			isa = XCBuildConfiguration;
			buildSettings = {
				ASSETCATALOG_COMPILER_APPICON_NAME = AppIcon;
				INFOPLIST_FILE = MovieSearch2/Info.plist;
				LD_RUNPATH_SEARCH_PATHS = "$(inherited) @executable_path/Frameworks";
				PRODUCT_NAME = "$(TARGET_NAME)";
			};
			name = Debug;
		};
		34D454911B0F94AF003DC36C /* Release */ = {
			isa = XCBuildConfiguration;
			buildSettings = {
				ASSETCATALOG_COMPILER_APPICON_NAME = AppIcon;
				INFOPLIST_FILE = MovieSearch2/Info.plist;
				LD_RUNPATH_SEARCH_PATHS = "$(inherited) @executable_path/Frameworks";
				PRODUCT_NAME = "$(TARGET_NAME)";
			};
			name = Release;
		};
		34D454931B0F94AF003DC36C /* Debug */ = {
			isa = XCBuildConfiguration;
			buildSettings = {
				BUNDLE_LOADER = "$(TEST_HOST)";
				FRAMEWORK_SEARCH_PATHS = (
					"$(SDKROOT)/Developer/Library/Frameworks",
					"$(inherited)",
				);
				GCC_PREPROCESSOR_DEFINITIONS = (
					"DEBUG=1",
					"$(inherited)",
				);
				INFOPLIST_FILE = MovieSearch2Tests/Info.plist;
				LD_RUNPATH_SEARCH_PATHS = "$(inherited) @executable_path/Frameworks @loader_path/Frameworks";
				PRODUCT_NAME = "$(TARGET_NAME)";
				TEST_HOST = "$(BUILT_PRODUCTS_DIR)/MovieSearch2.app/MovieSearch2";
			};
			name = Debug;
		};
		34D454941B0F94AF003DC36C /* Release */ = {
			isa = XCBuildConfiguration;
			buildSettings = {
				BUNDLE_LOADER = "$(TEST_HOST)";
				FRAMEWORK_SEARCH_PATHS = (
					"$(SDKROOT)/Developer/Library/Frameworks",
					"$(inherited)",
				);
				INFOPLIST_FILE = MovieSearch2Tests/Info.plist;
				LD_RUNPATH_SEARCH_PATHS = "$(inherited) @executable_path/Frameworks @loader_path/Frameworks";
				PRODUCT_NAME = "$(TARGET_NAME)";
				TEST_HOST = "$(BUILT_PRODUCTS_DIR)/MovieSearch2.app/MovieSearch2";
			};
			name = Release;
		};
/* End XCBuildConfiguration section */

/* Begin XCConfigurationList section */
		34D454671B0F94AF003DC36C /* Build configuration list for PBXProject "MovieSearch2" */ = {
			isa = XCConfigurationList;
			buildConfigurations = (
				34D4548D1B0F94AF003DC36C /* Debug */,
				34D4548E1B0F94AF003DC36C /* Release */,
			);
			defaultConfigurationIsVisible = 0;
			defaultConfigurationName = Release;
		};
		34D4548F1B0F94AF003DC36C /* Build configuration list for PBXNativeTarget "MovieSearch2" */ = {
			isa = XCConfigurationList;
			buildConfigurations = (
				34D454901B0F94AF003DC36C /* Debug */,
				34D454911B0F94AF003DC36C /* Release */,
			);
			defaultConfigurationIsVisible = 0;
		};
		34D454921B0F94AF003DC36C /* Build configuration list for PBXNativeTarget "MovieSearch2Tests" */ = {
			isa = XCConfigurationList;
			buildConfigurations = (
				34D454931B0F94AF003DC36C /* Debug */,
				34D454941B0F94AF003DC36C /* Release */,
			);
			defaultConfigurationIsVisible = 0;
		};
/* End XCConfigurationList section */
	};
	rootObject = 34D454641B0F94AF003DC36C /* Project object */;
}
